<?xml version="1.0" encoding="utf-8"?>
<Project ToolsVersion="4.0" xmlns="http://schemas.microsoft.com/developer/msbuild/2003">
  <ItemGroup>
    <ClInclude Include="$(MSBuildThisFileDirectory)include\accat\auxilia\auxilia.hpp" />
    <ClInclude Include="$(MSBuildThisFileDirectory)include\accat\auxilia\defines.hpp" />
    <ClInclude Include="$(MSBuildThisFileDirectory)include\accat\auxilia\details\variadic-inl.h">
      <Filter>Details\inls</Filter>
    </ClInclude>
    <ClInclude Include="$(MSBuildThisFileDirectory)include\accat\auxilia\details\includes-inl.hpp">
      <Filter>Details\inls</Filter>
    </ClInclude>
    <ClInclude Include="$(MSBuildThisFileDirectory)include\accat\auxilia\details\Variant.hpp">
      <Filter>Details</Filter>
    </ClInclude>
    <ClInclude Include="$(MSBuildThisFileDirectory)include\accat\auxilia\details\config.hpp">
      <Filter>Details</Filter>
    </ClInclude>
    <ClInclude Include="$(MSBuildThisFileDirectory)include\accat\auxilia\details\file_reader.hpp">
      <Filter>Details</Filter>
    </ClInclude>
    <ClInclude Include="$(MSBuildThisFileDirectory)include\accat\auxilia\details\format.hpp">
      <Filter>Details</Filter>
    </ClInclude>
    <ClInclude Include="$(MSBuildThisFileDirectory)include\accat\auxilia\details\id.hpp">
      <Filter>Details</Filter>
    </ClInclude>
    <ClInclude Include="$(MSBuildThisFileDirectory)include\accat\auxilia\details\macros.hpp">
      <Filter>Details</Filter>
    </ClInclude>
    <ClInclude Include="$(MSBuildThisFileDirectory)include\accat\auxilia\details\memory.hpp">
      <Filter>Details</Filter>
    </ClInclude>
    <ClInclude Include="$(MSBuildThisFileDirectory)include\accat\auxilia\details\Monostate.hpp">
      <Filter>Details</Filter>
    </ClInclude>
    <ClInclude Include="$(MSBuildThisFileDirectory)include\accat\auxilia\details\Property.hpp">
      <Filter>Details</Filter>
    </ClInclude>
    <ClInclude Include="$(MSBuildThisFileDirectory)include\accat\auxilia\details\random.hpp">
      <Filter>Details</Filter>
    </ClInclude>
    <ClInclude Include="$(MSBuildThisFileDirectory)include\accat\auxilia\details\Status.hpp">
      <Filter>Details</Filter>
    </ClInclude>
  </ItemGroup>
  <ItemGroup>
    <Filter Include="Details">
      <UniqueIdentifier>{e5684b75-2133-4393-966f-da96b3d88dc4}</UniqueIdentifier>
    </Filter>
    <Filter Include="Details\inls">
      <UniqueIdentifier>{512103a1-ccce-4f70-941d-42b9bcd340e1}</UniqueIdentifier>
    </Filter>
  </ItemGroup>
</Project>