<?xml version="1.0" encoding="utf-8"?>
<Project ToolsVersion="4.0" xmlns="http://schemas.microsoft.com/developer/msbuild/2003">
  <ItemGroup>
    <ClCompile Include="$(MSBuildThisFileDirectory)auxilia.ixx" />
  </ItemGroup>
  <ItemGroup>
    <ClInclude Include="$(MSBuildThisFileDirectory)auxilia.hpp" />
    <ClInclude Include="$(MSBuildThisFileDirectory)details\config.hpp">
      <Filter>Details</Filter>
    </ClInclude>
    <ClInclude Include="$(MSBuildThisFileDirectory)details\file_reader.hpp">
      <Filter>Details</Filter>
    </ClInclude>
    <ClInclude Include="$(MSBuildThisFileDirectory)details\format.hpp">
      <Filter>Details</Filter>
    </ClInclude>
    <ClInclude Include="$(MSBuildThisFileDirectory)details\id.hpp">
      <Filter>Details</Filter>
    </ClInclude>
    <ClInclude Include="$(MSBuildThisFileDirectory)details\macros.hpp">
      <Filter>Details</Filter>
    </ClInclude>
    <ClInclude Include="$(MSBuildThisFileDirectory)details\memory.hpp">
      <Filter>Details</Filter>
    </ClInclude>
    <ClInclude Include="$(MSBuildThisFileDirectory)details\Monostate.hpp">
      <Filter>Details</Filter>
    </ClInclude>
    <ClInclude Include="$(MSBuildThisFileDirectory)details\Property.hpp">
      <Filter>Details</Filter>
    </ClInclude>
    <ClInclude Include="$(MSBuildThisFileDirectory)details\random.hpp">
      <Filter>Details</Filter>
    </ClInclude>
    <ClInclude Include="$(MSBuildThisFileDirectory)details\Status.hpp">
      <Filter>Details</Filter>
    </ClInclude>
    <ClInclude Include="$(MSBuildThisFileDirectory)details\variadic-inl.h">
      <Filter>Details</Filter>
    </ClInclude>
    <ClInclude Include="$(MSBuildThisFileDirectory)details\Variant.hpp">
      <Filter>Details</Filter>
    </ClInclude>
    <ClInclude Include="$(MSBuildThisFileDirectory)defines.hpp" />
  </ItemGroup>
  <ItemGroup>
    <Filter Include="Details">
      <UniqueIdentifier>{e5684b75-2133-4393-966f-da96b3d88dc4}</UniqueIdentifier>
    </Filter>
  </ItemGroup>
</Project>